# THIS IS AN AUTOGENERATED FILE. DO NOT EDIT THIS FILE DIRECTLY.
# yarn lockfile v1


animate.css@^3.7.0:
  version "3.7.0"
  resolved "http://registry.npm.taobao.org/animate.css/download/animate.css-3.7.0.tgz#5de25d1ee5fba11ba6a1e2c4fa568f512eb7d4da"

animate@^1.0.0:
  version "1.0.0"
  resolved "http://registry.npm.taobao.org/animate/download/animate-1.0.0.tgz#461f87afea4bc85db9eecfdebaee44d5b78a186c"
  dependencies:
    rafl "~1.2.2"

dom-walk@^0.1.0:
  version "0.1.1"
  resolved "http://registry.npm.taobao.org/dom-walk/download/dom-walk-0.1.1.tgz#672226dc74c8f799ad35307df936aba11acd6018"

global@~4.3.0:
  version "4.3.2"
  resolved "http://registry.npm.taobao.org/global/download/global-4.3.2.tgz#e76989268a6c74c38908b1305b10fc0e394e9d0f"
  dependencies:
    min-document "^2.19.0"
    process "~0.5.1"

min-document@^2.19.0:
  version "2.19.0"
  resolved "http://registry.npm.taobao.org/min-document/download/min-document-2.19.0.tgz#7bd282e3f5842ed295bb748cdd9f1ffa2c824685"
  dependencies:
    dom-walk "^0.1.0"

process@~0.5.1:
  version "0.5.2"
  resolved "http://registry.npm.taobao.org/process/download/process-0.5.2.tgz#1638d8a8e34c2f440a91db95ab9aeb677fc185cf"

rafl@~1.2.2:
  version "1.2.2"
  resolved "http://registry.npm.taobao.org/rafl/download/rafl-1.2.2.tgz#fe930f758211020d47e38815f5196a8be4150740"
  dependencies:
    global "~4.3.0"
